github.com/cybertec-postgresql/hugo-geekdoc v0.0.0-20251113112605-d7e2163aa52c h1:mnsyJsS+Fgd3w7VqClPSBtulk+ioO1NMeWSLx3sUz8g=
github.com/cybertec-postgresql/hugo-geekdoc v0.0.0-20251113112605-d7e2163aa52c/go.mod h1:y+YYT9rdvbhqlFG8MvkmuP8A8Z2+WkraYEdLghEZLbs=
github.com/cybertec-postgresql/hugo-geekdoc v0.0.0-20260402163553-9b02873c9135 h1:cr5XdZGyh3txXM6JBiqLASrYDv2i/gyfL8l+ewI91Po=
github.com/cybertec-postgresql/hugo-geekdoc v0.0.0-20260402163553-9b02873c9135/go.mod h1:y+YYT9rdvbhqlFG8MvkmuP8A8Z2+WkraYEdLghEZLbs=
